{
  "name": "saucedemo-cypress-automation",
  "version": "1.0.0",
  "lockfileVersion": 2,
  "requires": true,
  "packages": {
    "": {
      "name": "saucedemo-cypress-automation",
      "version": "1.0.0",
      "devDependencies": {
        "cypress": "^13.13.0"
      }
    },
    "node_modules/cypress": {
      "version": "13.13.0",
      "resolved": "https://registry.npmjs.org/cypress/-/cypress-13.13.0.tgz",
      "integrity": "sha512-EXAMPLEHASH",
      "dev": true
    }
  }
}
